
Microsoft Visual Studio Solution File, Format Version 12.00
# Visual Studio Version 16
VisualStudioVersion = 16.0.29519.181
MinimumVisualStudioVersion = 10.0.40219.1
Project("{9A19103F-16F7-4668-BE54-9A1E7A4F7556}") = "PrototipoAprobacionesBancos", "PrototipoAprobacionesBancos\PrototipoAprobacionesBancos.csproj", "{B4B01506-B581-445D-BD66-DD5F555FB888}"
EndProject
Project("{FAE04EC0-301F-11D3-BF4B-00C04F79EFBC}") = "ExtensionMethods", "ExtensionMethods\ExtensionMethods.csproj", "{BC1C9903-E258-4752-AAE2-F9C2D76F35E5}"
EndProject
Global
	GlobalSection(SolutionConfigurationPlatforms) = preSolution
		Debug|Any CPU = Debug|Any CPU
		Release|Any CPU = Release|Any CPU
	EndGlobalSection
	GlobalSection(ProjectConfigurationPlatforms) = postSolution
		{B4B01506-B581-445D-BD66-DD5F555FB888}.Debug|Any CPU.ActiveCfg = Debug|Any CPU
		{B4B01506-B581-445D-BD66-DD5F555FB888}.Debug|Any CPU.Build.0 = Debug|Any CPU
		{B4B01506-B581-445D-BD66-DD5F555FB888}.Release|Any CPU.ActiveCfg = Release|Any CPU
		{B4B01506-B581-445D-BD66-DD5F555FB888}.Release|Any CPU.Build.0 = Release|Any CPU
		{BC1C9903-E258-4752-AAE2-F9C2D76F35E5}.Debug|Any CPU.ActiveCfg = Debug|Any CPU
		{BC1C9903-E258-4752-AAE2-F9C2D76F35E5}.Debug|Any CPU.Build.0 = Debug|Any CPU
		{BC1C9903-E258-4752-AAE2-F9C2D76F35E5}.Release|Any CPU.ActiveCfg = Release|Any CPU
		{BC1C9903-E258-4752-AAE2-F9C2D76F35E5}.Release|Any CPU.Build.0 = Release|Any CPU
	EndGlobalSection
	GlobalSection(SolutionProperties) = preSolution
		HideSolutionNode = FALSE
	EndGlobalSection
	GlobalSection(ExtensibilityGlobals) = postSolution
		SolutionGuid = {111AB593-D7D0-4827-ACDF-C9ECFF368962}
	EndGlobalSection
EndGlobal
